
Microsoft Visual Studio Solution File, Format Version 12.00
# Visual Studio Version 17
VisualStudioVersion = 17.2.32616.157
MinimumVisualStudioVersion = 10.0.40219.1
Project("{FAE04EC0-301F-11D3-BF4B-00C04F79EFBC}") = "idades", "idades\idades.csproj", "{E1373F2E-C73A-4D21-8D86-9666643C49BB}"
EndProject
Global
	GlobalSection(SolutionConfigurationPlatforms) = preSolution
		Debug|Any CPU = Debug|Any CPU
		Release|Any CPU = Release|Any CPU
	EndGlobalSection
	GlobalSection(ProjectConfigurationPlatforms) = postSolution
		{E1373F2E-C73A-4D21-8D86-9666643C49BB}.Debug|Any CPU.ActiveCfg = Debug|Any CPU
		{E1373F2E-C73A-4D21-8D86-9666643C49BB}.Debug|Any CPU.Build.0 = Debug|Any CPU
		{E1373F2E-C73A-4D21-8D86-9666643C49BB}.Release|Any CPU.ActiveCfg = Release|Any CPU
		{E1373F2E-C73A-4D21-8D86-9666643C49BB}.Release|Any CPU.Build.0 = Release|Any CPU
	EndGlobalSection
	GlobalSection(SolutionProperties) = preSolution
		HideSolutionNode = FALSE
	EndGlobalSection
	GlobalSection(ExtensibilityGlobals) = postSolution
		SolutionGuid = {6A0250FE-E9DB-4FB3-BC33-B8854CB2774C}
	EndGlobalSection
EndGlobal
