
Microsoft Visual Studio Solution File, Format Version 12.00
# Visual Studio Version 17
VisualStudioVersion = 17.2.32616.157
MinimumVisualStudioVersion = 10.0.40219.1
Project("{FAE04EC0-301F-11D3-BF4B-00C04F79EFBC}") = "estrutura_do_while", "estrutura_do_while\estrutura_do_while.csproj", "{1DC4272F-F104-4E06-AEB8-6BEC5468DF04}"
EndProject
Global
	GlobalSection(SolutionConfigurationPlatforms) = preSolution
		Debug|Any CPU = Debug|Any CPU
		Release|Any CPU = Release|Any CPU
	EndGlobalSection
	GlobalSection(ProjectConfigurationPlatforms) = postSolution
		{1DC4272F-F104-4E06-AEB8-6BEC5468DF04}.Debug|Any CPU.ActiveCfg = Debug|Any CPU
		{1DC4272F-F104-4E06-AEB8-6BEC5468DF04}.Debug|Any CPU.Build.0 = Debug|Any CPU
		{1DC4272F-F104-4E06-AEB8-6BEC5468DF04}.Release|Any CPU.ActiveCfg = Release|Any CPU
		{1DC4272F-F104-4E06-AEB8-6BEC5468DF04}.Release|Any CPU.Build.0 = Release|Any CPU
	EndGlobalSection
	GlobalSection(SolutionProperties) = preSolution
		HideSolutionNode = FALSE
	EndGlobalSection
	GlobalSection(ExtensibilityGlobals) = postSolution
		SolutionGuid = {BD8890C9-5D52-476B-B9EE-13EFBBA0F209}
	EndGlobalSection
EndGlobal
