
Microsoft Visual Studio Solution File, Format Version 12.00
# Visual Studio Version 17
VisualStudioVersion = 17.2.32616.157
MinimumVisualStudioVersion = 10.0.40219.1
Project("{FAE04EC0-301F-11D3-BF4B-00C04F79EFBC}") = "processamento_de_dados_e_casting", "processamento_de_dados_e_casting\processamento_de_dados_e_casting.csproj", "{49AB78BE-BC51-4449-83ED-8E8BC496DAF0}"
EndProject
Global
	GlobalSection(SolutionConfigurationPlatforms) = preSolution
		Debug|Any CPU = Debug|Any CPU
		Release|Any CPU = Release|Any CPU
	EndGlobalSection
	GlobalSection(ProjectConfigurationPlatforms) = postSolution
		{49AB78BE-BC51-4449-83ED-8E8BC496DAF0}.Debug|Any CPU.ActiveCfg = Debug|Any CPU
		{49AB78BE-BC51-4449-83ED-8E8BC496DAF0}.Debug|Any CPU.Build.0 = Debug|Any CPU
		{49AB78BE-BC51-4449-83ED-8E8BC496DAF0}.Release|Any CPU.ActiveCfg = Release|Any CPU
		{49AB78BE-BC51-4449-83ED-8E8BC496DAF0}.Release|Any CPU.Build.0 = Release|Any CPU
	EndGlobalSection
	GlobalSection(SolutionProperties) = preSolution
		HideSolutionNode = FALSE
	EndGlobalSection
	GlobalSection(ExtensibilityGlobals) = postSolution
		SolutionGuid = {ED9114CC-D6D3-4F5C-B75B-5EF95E2D3B07}
	EndGlobalSection
EndGlobal
