
Microsoft Visual Studio Solution File, Format Version 12.00
# Visual Studio Version 17
VisualStudioVersion = 17.2.32616.157
MinimumVisualStudioVersion = 10.0.40219.1
Project("{FAE04EC0-301F-11D3-BF4B-00C04F79EFBC}") = "matrizes", "matrizes\matrizes.csproj", "{6DEFDB0C-319E-4290-BE1D-BD779ED43E35}"
EndProject
Global
	GlobalSection(SolutionConfigurationPlatforms) = preSolution
		Debug|Any CPU = Debug|Any CPU
		Release|Any CPU = Release|Any CPU
	EndGlobalSection
	GlobalSection(ProjectConfigurationPlatforms) = postSolution
		{6DEFDB0C-319E-4290-BE1D-BD779ED43E35}.Debug|Any CPU.ActiveCfg = Debug|Any CPU
		{6DEFDB0C-319E-4290-BE1D-BD779ED43E35}.Debug|Any CPU.Build.0 = Debug|Any CPU
		{6DEFDB0C-319E-4290-BE1D-BD779ED43E35}.Release|Any CPU.ActiveCfg = Release|Any CPU
		{6DEFDB0C-319E-4290-BE1D-BD779ED43E35}.Release|Any CPU.Build.0 = Release|Any CPU
	EndGlobalSection
	GlobalSection(SolutionProperties) = preSolution
		HideSolutionNode = FALSE
	EndGlobalSection
	GlobalSection(ExtensibilityGlobals) = postSolution
		SolutionGuid = {9D6067FD-1207-4569-99CA-A9A66E4A053F}
	EndGlobalSection
EndGlobal
